
Microsoft Visual Studio Solution File, Format Version 12.00
# Visual Studio Version 16
VisualStudioVersion = 16.0.30621.155
MinimumVisualStudioVersion = 10.0.40219.1
Project("{FAE04EC0-301F-11D3-BF4B-00C04F79EFBC}") = "MVCWebApp", "MVCWebApp.csproj", "{AF97DADA-D683-4663-9451-55A59B724B64}"
EndProject
Global
	GlobalSection(SolutionConfigurationPlatforms) = preSolution
		Debug|Any CPU = Debug|Any CPU
		Release|Any CPU = Release|Any CPU
	EndGlobalSection
	GlobalSection(ProjectConfigurationPlatforms) = postSolution
		{AF97DADA-D683-4663-9451-55A59B724B64}.Debug|Any CPU.ActiveCfg = Debug|Any CPU
		{AF97DADA-D683-4663-9451-55A59B724B64}.Debug|Any CPU.Build.0 = Debug|Any CPU
		{AF97DADA-D683-4663-9451-55A59B724B64}.Release|Any CPU.ActiveCfg = Release|Any CPU
		{AF97DADA-D683-4663-9451-55A59B724B64}.Release|Any CPU.Build.0 = Release|Any CPU
	EndGlobalSection
	GlobalSection(SolutionProperties) = preSolution
		HideSolutionNode = FALSE
	EndGlobalSection
	GlobalSection(ExtensibilityGlobals) = postSolution
		SolutionGuid = {BEF4F1BE-5082-4403-8DA4-6182F4B5FB6F}
	EndGlobalSection
EndGlobal
